// !$*UTF8*$!
{
	archiveVersion = 1;
	classes = {
	};
	objectVersion = 50;
	objects = {

/* Begin PBXBuildFile section */
		1408308023E5244A002601FB /* white_tile_400.jpg in Resources */ = {isa = PBXBuildFile; fileRef = 1408307F23E5244A002601FB /* white_tile_400.jpg */; };
		1473073723E45B33009FBDDD /* cat_512.png in Resources */ = {isa = PBXBuildFile; fileRef = 1473073623E45B33009FBDDD /* cat_512.png */; };
		149ABF9E23DFD03B00B57C8D /* AppDelegate.m in Sources */ = {isa = PBXBuildFile; fileRef = 149ABF9D23DFD03B00B57C8D /* AppDelegate.m */; };
		149ABFA123DFD03B00B57C8D /* ViewController.m in Sources */ = {isa = PBXBuildFile; fileRef = 149ABFA023DFD03B00B57C8D /* ViewController.m */; };
		149ABFA423DFD03B00B57C8D /* Main.storyboard in Resources */ = {isa = PBXBuildFile; fileRef = 149ABFA223DFD03B00B57C8D /* Main.storyboard */; };
		149ABFA623DFD03C00B57C8D /* Assets.xcassets in Resources */ = {isa = PBXBuildFile; fileRef = 149ABFA523DFD03C00B57C8D /* Assets.xcassets */; };
		149ABFA923DFD03C00B57C8D /* LaunchScreen.storyboard in Resources */ = {isa = PBXBuildFile; fileRef = 149ABFA723DFD03C00B57C8D /* LaunchScreen.storyboard */; };
		149ABFAC23DFD03C00B57C8D /* main.m in Sources */ = {isa = PBXBuildFile; fileRef = 149ABFAB23DFD03C00B57C8D /* main.m */; };
/* End PBXBuildFile section */

/* Begin PBXFileReference section */
		1408307F23E5244A002601FB /* white_tile_400.jpg */ = {isa = PBXFileReference; lastKnownFileType = image.jpeg; path = white_tile_400.jpg; sourceTree = "<group>"; };
		1473073623E45B33009FBDDD /* cat_512.png */ = {isa = PBXFileReference; lastKnownFileType = image.png; path = cat_512.png; sourceTree = "<group>"; };
		149ABF9923DFD03B00B57C8D /* GLKit-06-Simplest-Lighting.app */ = {isa = PBXFileReference; explicitFileType = wrapper.application; includeInIndex = 0; path = "GLKit-06-Simplest-Lighting.app"; sourceTree = BUILT_PRODUCTS_DIR; };
		149ABF9C23DFD03B00B57C8D /* AppDelegate.h */ = {isa = PBXFileReference; lastKnownFileType = sourcecode.c.h; path = AppDelegate.h; sourceTree = "<group>"; };
		149ABF9D23DFD03B00B57C8D /* AppDelegate.m */ = {isa = PBXFileReference; lastKnownFileType = sourcecode.c.objc; path = AppDelegate.m; sourceTree = "<group>"; };
		149ABF9F23DFD03B00B57C8D /* ViewController.h */ = {isa = PBXFileReference; lastKnownFileType = sourcecode.c.h; path = ViewController.h; sourceTree = "<group>"; };
		149ABFA023DFD03B00B57C8D /* ViewController.m */ = {isa = PBXFileReference; lastKnownFileType = sourcecode.c.objc; path = ViewController.m; sourceTree = "<group>"; };
		149ABFA323DFD03B00B57C8D /* Base */ = {isa = PBXFileReference; lastKnownFileType = file.storyboard; name = Base; path = Base.lproj/Main.storyboard; sourceTree = "<group>"; };
		149ABFA523DFD03C00B57C8D /* Assets.xcassets */ = {isa = PBXFileReference; lastKnownFileType = folder.assetcatalog; path = Assets.xcassets; sourceTree = "<group>"; };
		149ABFA823DFD03C00B57C8D /* Base */ = {isa = PBXFileReference; lastKnownFileType = file.storyboard; name = Base; path = Base.lproj/LaunchScreen.storyboard; sourceTree = "<group>"; };
		149ABFAA23DFD03C00B57C8D /* Info.plist */ = {isa = PBXFileReference; lastKnownFileType = text.plist.xml; path = Info.plist; sourceTree = "<group>"; };
		149ABFAB23DFD03C00B57C8D /* main.m */ = {isa = PBXFileReference; lastKnownFileType = sourcecode.c.objc; path = main.m; sourceTree = "<group>"; };
/* End PBXFileReference section */

/* Begin PBXFrameworksBuildPhase section */
		149ABF9623DFD03B00B57C8D /* Frameworks */ = {
			isa = PBXFrameworksBuildPhase;
			buildActionMask = 2147483647;
			files = (
			);
			runOnlyForDeploymentPostprocessing = 0;
		};
/* End PBXFrameworksBuildPhase section */

/* Begin PBXGroup section */
		149ABF9023DFD03B00B57C8D = {
			isa = PBXGroup;
			children = (
				149ABF9B23DFD03B00B57C8D /* GLKit-06-Simplest-Lighting */,
				149ABF9A23DFD03B00B57C8D /* Products */,
			);
			sourceTree = "<group>";
		};
		149ABF9A23DFD03B00B57C8D /* Products */ = {
			isa = PBXGroup;
			children = (
				149ABF9923DFD03B00B57C8D /* GLKit-06-Simplest-Lighting.app */,
			);
			name = Products;
			sourceTree = "<group>";
		};
		149ABF9B23DFD03B00B57C8D /* GLKit-06-Simplest-Lighting */ = {
			isa = PBXGroup;
			children = (
				149ABF9C23DFD03B00B57C8D /* AppDelegate.h */,
				149ABF9D23DFD03B00B57C8D /* AppDelegate.m */,
				149ABF9F23DFD03B00B57C8D /* ViewController.h */,
				149ABFA023DFD03B00B57C8D /* ViewController.m */,
				149ABFA223DFD03B00B57C8D /* Main.storyboard */,
				149ABFA523DFD03C00B57C8D /* Assets.xcassets */,
				149ABFA723DFD03C00B57C8D /* LaunchScreen.storyboard */,
				149ABFAA23DFD03C00B57C8D /* Info.plist */,
				149ABFAB23DFD03C00B57C8D /* main.m */,
				1473073623E45B33009FBDDD /* cat_512.png */,
				1408307F23E5244A002601FB /* white_tile_400.jpg */,
			);
			path = "GLKit-06-Simplest-Lighting";
			sourceTree = "<group>";
		};
/* End PBXGroup section */

/* Begin PBXNativeTarget section */
		149ABF9823DFD03B00B57C8D /* GLKit-06-Simplest-Lighting */ = {
			isa = PBXNativeTarget;
			buildConfigurationList = 149ABFAF23DFD03C00B57C8D /* Build configuration list for PBXNativeTarget "GLKit-06-Simplest-Lighting" */;
			buildPhases = (
				149ABF9523DFD03B00B57C8D /* Sources */,
				149ABF9623DFD03B00B57C8D /* Frameworks */,
				149ABF9723DFD03B00B57C8D /* Resources */,
			);
			buildRules = (
			);
			dependencies = (
			);
			name = "GLKit-06-Simplest-Lighting";
			productName = "GLKit-01-Triangle";
			productReference = 149ABF9923DFD03B00B57C8D /* GLKit-06-Simplest-Lighting.app */;
			productType = "com.apple.product-type.application";
		};
/* End PBXNativeTarget section */

/* Begin PBXProject section */
		149ABF9123DFD03B00B57C8D /* Project object */ = {
			isa = PBXProject;
			attributes = {
				LastUpgradeCheck = 0940;
				ORGANIZATIONNAME = Daniate;
				TargetAttributes = {
					149ABF9823DFD03B00B57C8D = {
						CreatedOnToolsVersion = 9.4.1;
					};
				};
			};
			buildConfigurationList = 149ABF9423DFD03B00B57C8D /* Build configuration list for PBXProject "GLKit-06-Simplest-Lighting" */;
			compatibilityVersion = "Xcode 9.3";
			developmentRegion = en;
			hasScannedForEncodings = 0;
			knownRegions = (
				en,
				Base,
			);
			mainGroup = 149ABF9023DFD03B00B57C8D;
			productRefGroup = 149ABF9A23DFD03B00B57C8D /* Products */;
			projectDirPath = "";
			projectRoot = "";
			targets = (
				149ABF9823DFD03B00B57C8D /* GLKit-06-Simplest-Lighting */,
			);
		};
/* End PBXProject section */

/* Begin PBXResourcesBuildPhase section */
		149ABF9723DFD03B00B57C8D /* Resources */ = {
			isa = PBXResourcesBuildPhase;
			buildActionMask = 2147483647;
			files = (
				149ABFA923DFD03C00B57C8D /* LaunchScreen.storyboard in Resources */,
				1408308023E5244A002601FB /* white_tile_400.jpg in Resources */,
				1473073723E45B33009FBDDD /* cat_512.png in Resources */,
				149ABFA623DFD03C00B57C8D /* Assets.xcassets in Resources */,
				149ABFA423DFD03B00B57C8D /* Main.storyboard in Resources */,
			);
			runOnlyForDeploymentPostprocessing = 0;
		};
/* End PBXResourcesBuildPhase section */

/* Begin PBXSourcesBuildPhase section */
		149ABF9523DFD03B00B57C8D /* Sources */ = {
			isa = PBXSourcesBuildPhase;
			buildActionMask = 2147483647;
			files = (
				149ABFA123DFD03B00B57C8D /* ViewController.m in Sources */,
				149ABFAC23DFD03C00B57C8D /* main.m in Sources */,
				149ABF9E23DFD03B00B57C8D /* AppDelegate.m in Sources */,
			);
			runOnlyForDeploymentPostprocessing = 0;
		};
/* End PBXSourcesBuildPhase section */

/* Begin PBXVariantGroup section */
		149ABFA223DFD03B00B57C8D /* Main.storyboard */ = {
			isa = PBXVariantGroup;
			children = (
				149ABFA323DFD03B00B57C8D /* Base */,
			);
			name = Main.storyboard;
			sourceTree = "<group>";
		};
		149ABFA723DFD03C00B57C8D /* LaunchScreen.storyboard */ = {
			isa = PBXVariantGroup;
			children = (
				149ABFA823DFD03C00B57C8D /* Base */,
			);
			name = LaunchScreen.storyboard;
			sourceTree = "<group>";
		};
/* End PBXVariantGroup section */

/* Begin XCBuildConfiguration section */
		149ABFAD23DFD03C00B57C8D /* Debug */ = {
			isa = XCBuildConfiguration;
			buildSettings = {
				ALWAYS_SEARCH_USER_PATHS = NO;
				CLANG_ANALYZER_NONNULL = YES;
				CLANG_ANALYZER_NUMBER_OBJECT_CONVERSION = YES_AGGRESSIVE;
				CLANG_CXX_LANGUAGE_STANDARD = "gnu++14";
				CLANG_CXX_LIBRARY = "libc++";
				CLANG_ENABLE_MODULES = YES;
				CLANG_ENABLE_OBJC_ARC = YES;
				CLANG_ENABLE_OBJC_WEAK = YES;
				CLANG_WARN_BLOCK_CAPTURE_AUTORELEASING = YES;
				CLANG_WARN_BOOL_CONVERSION = YES;
				CLANG_WARN_COMMA = YES;
				CLANG_WARN_CONSTANT_CONVERSION = YES;
				CLANG_WARN_DEPRECATED_OBJC_IMPLEMENTATIONS = YES;
				CLANG_WARN_DIRECT_OBJC_ISA_USAGE = YES_ERROR;
				CLANG_WARN_DOCUMENTATION_COMMENTS = YES;
				CLANG_WARN_EMPTY_BODY = YES;
				CLANG_WARN_ENUM_CONVERSION = YES;
				CLANG_WARN_INFINITE_RECURSION = YES;
				CLANG_WARN_INT_CONVERSION = YES;
				CLANG_WARN_NON_LITERAL_NULL_CONVERSION = YES;
				CLANG_WARN_OBJC_IMPLICIT_RETAIN_SELF = YES;
				CLANG_WARN_OBJC_LITERAL_CONVERSION = YES;
				CLANG_WARN_OBJC_ROOT_CLASS = YES_ERROR;
				CLANG_WARN_RANGE_LOOP_ANALYSIS = YES;
				CLANG_WARN_STRICT_PROTOTYPES = YES;
				CLANG_WARN_SUSPICIOUS_MOVE = YES;
				CLANG_WARN_UNGUARDED_AVAILABILITY = YES_AGGRESSIVE;
				CLANG_WARN_UNREACHABLE_CODE = YES;
				CLANG_WARN__DUPLICATE_METHOD_MATCH = YES;
				CODE_SIGN_IDENTITY = "iPhone Developer";
				COPY_PHASE_STRIP = NO;
				DEBUG_INFORMATION_FORMAT = dwarf;
				ENABLE_STRICT_OBJC_MSGSEND = YES;
				ENABLE_TESTABILITY = YES;
				GCC_C_LANGUAGE_STANDARD = gnu11;
				GCC_DYNAMIC_NO_PIC = NO;
				GCC_NO_COMMON_BLOCKS = YES;
				GCC_OPTIMIZATION_LEVEL = 0;
				GCC_PREPROCESSOR_DEFINITIONS = (
					"DEBUG=1",
					"$(inherited)",
				);
				GCC_WARN_64_TO_32_BIT_CONVERSION = YES;
				GCC_WARN_ABOUT_RETURN_TYPE = YES_ERROR;
				GCC_WARN_UNDECLARED_SELECTOR = YES;
				GCC_WARN_UNINITIALIZED_AUTOS = YES_AGGRESSIVE;
				GCC_WARN_UNUSED_FUNCTION = YES;
				GCC_WARN_UNUSED_VARIABLE = YES;
				IPHONEOS_DEPLOYMENT_TARGET = 11.4;
				MTL_ENABLE_DEBUG_INFO = YES;
				ONLY_ACTIVE_ARCH = YES;
				SDKROOT = iphoneos;
			};
			name = Debug;
		};
		149ABFAE23DFD03C00B57C8D /* Release */ = {
			isa = XCBuildConfiguration;
			buildSettings = {
				ALWAYS_SEARCH_USER_PATHS = NO;
				CLANG_ANALYZER_NONNULL = YES;
				CLANG_ANALYZER_NUMBER_OBJECT_CONVERSION = YES_AGGRESSIVE;
				CLANG_CXX_LANGUAGE_STANDARD = "gnu++14";
				CLANG_CXX_LIBRARY = "libc++";
				CLANG_ENABLE_MODULES = YES;
				CLANG_ENABLE_OBJC_ARC = YES;
				CLANG_ENABLE_OBJC_WEAK = YES;
				CLANG_WARN_BLOCK_CAPTURE_AUTORELEASING = YES;
				CLANG_WARN_BOOL_CONVERSION = YES;
				CLANG_WARN_COMMA = YES;
				CLANG_WARN_CONSTANT_CONVERSION = YES;
				CLANG_WARN_DEPRECATED_OBJC_IMPLEMENTATIONS = YES;
				CLANG_WARN_DIRECT_OBJC_ISA_USAGE = YES_ERROR;
				CLANG_WARN_DOCUMENTATION_COMMENTS = YES;
				CLANG_WARN_EMPTY_BODY = YES;
				CLANG_WARN_ENUM_CONVERSION = YES;
				CLANG_WARN_INFINITE_RECURSION = YES;
				CLANG_WARN_INT_CONVERSION = YES;
				CLANG_WARN_NON_LITERAL_NULL_CONVERSION = YES;
				CLANG_WARN_OBJC_IMPLICIT_RETAIN_SELF = YES;
				CLANG_WARN_OBJC_LITERAL_CONVERSION = YES;
				CLANG_WARN_OBJC_ROOT_CLASS = YES_ERROR;
				CLANG_WARN_RANGE_LOOP_ANALYSIS = YES;
				CLANG_WARN_STRICT_PROTOTYPES = YES;
				CLANG_WARN_SUSPICIOUS_MOVE = YES;
				CLANG_WARN_UNGUARDED_AVAILABILITY = YES_AGGRESSIVE;
				CLANG_WARN_UNREACHABLE_CODE = YES;
				CLANG_WARN__DUPLICATE_METHOD_MATCH = YES;
				CODE_SIGN_IDENTITY = "iPhone Developer";
				COPY_PHASE_STRIP = NO;
				DEBUG_INFORMATION_FORMAT = "dwarf-with-dsym";
				ENABLE_NS_ASSERTIONS = NO;
				ENABLE_STRICT_OBJC_MSGSEND = YES;
				GCC_C_LANGUAGE_STANDARD = gnu11;
				GCC_NO_COMMON_BLOCKS = YES;
				GCC_WARN_64_TO_32_BIT_CONVERSION = YES;
				GCC_WARN_ABOUT_RETURN_TYPE = YES_ERROR;
				GCC_WARN_UNDECLARED_SELECTOR = YES;
				GCC_WARN_UNINITIALIZED_AUTOS = YES_AGGRESSIVE;
				GCC_WARN_UNUSED_FUNCTION = YES;
				GCC_WARN_UNUSED_VARIABLE = YES;
				IPHONEOS_DEPLOYMENT_TARGET = 11.4;
				MTL_ENABLE_DEBUG_INFO = NO;
				SDKROOT = iphoneos;
				VALIDATE_PRODUCT = YES;
			};
			name = Release;
		};
		149ABFB023DFD03C00B57C8D /* Debug */ = {
			isa = XCBuildConfiguration;
			buildSettings = {
				ASSETCATALOG_COMPILER_APPICON_NAME = AppIcon;
				CODE_SIGN_STYLE = Automatic;
				DEVELOPMENT_TEAM = AYQ9A9B8GN;
				INFOPLIST_FILE = "GLKit-06-Simplest-Lighting/Info.plist";
				IPHONEOS_DEPLOYMENT_TARGET = 9.0;
				LD_RUNPATH_SEARCH_PATHS = (
					"$(inherited)",
					"@executable_path/Frameworks",
				);
				PRODUCT_BUNDLE_IDENTIFIER = com.daniate.app;
				PRODUCT_NAME = "GLKit-06-Simplest-Lighting";
				TARGETED_DEVICE_FAMILY = 1;
			};
			name = Debug;
		};
		149ABFB123DFD03C00B57C8D /* Release */ = {
			isa = XCBuildConfiguration;
			buildSettings = {
				ASSETCATALOG_COMPILER_APPICON_NAME = AppIcon;
				CODE_SIGN_STYLE = Automatic;
				DEVELOPMENT_TEAM = AYQ9A9B8GN;
				INFOPLIST_FILE = "GLKit-06-Simplest-Lighting/Info.plist";
				IPHONEOS_DEPLOYMENT_TARGET = 9.0;
				LD_RUNPATH_SEARCH_PATHS = (
					"$(inherited)",
					"@executable_path/Frameworks",
				);
				PRODUCT_BUNDLE_IDENTIFIER = com.daniate.app;
				PRODUCT_NAME = "GLKit-06-Simplest-Lighting";
				TARGETED_DEVICE_FAMILY = 1;
			};
			name = Release;
		};
/* End XCBuildConfiguration section */

/* Begin XCConfigurationList section */
		149ABF9423DFD03B00B57C8D /* Build configuration list for PBXProject "GLKit-06-Simplest-Lighting" */ = {
			isa = XCConfigurationList;
			buildConfigurations = (
				149ABFAD23DFD03C00B57C8D /* Debug */,
				149ABFAE23DFD03C00B57C8D /* Release */,
			);
			defaultConfigurationIsVisible = 0;
			defaultConfigurationName = Release;
		};
		149ABFAF23DFD03C00B57C8D /* Build configuration list for PBXNativeTarget "GLKit-06-Simplest-Lighting" */ = {
			isa = XCConfigurationList;
			buildConfigurations = (
				149ABFB023DFD03C00B57C8D /* Debug */,
				149ABFB123DFD03C00B57C8D /* Release */,
			);
			defaultConfigurationIsVisible = 0;
			defaultConfigurationName = Release;
		};
/* End XCConfigurationList section */
	};
	rootObject = 149ABF9123DFD03B00B57C8D /* Project object */;
}
